
Microsoft Visual Studio Solution File, Format Version 12.00
# Visual Studio 15
VisualStudioVersion = 15.0.28010.2019
MinimumVisualStudioVersion = 10.0.40219.1
Project("{FAE04EC0-301F-11D3-BF4B-00C04F79EFBC}") = "The Coke Game", "The Coke Game\The Coke Game.csproj", "{4731F652-6452-4545-B935-60218274AC94}"
EndProject
Global
	GlobalSection(SolutionConfigurationPlatforms) = preSolution
		Debug|x86 = Debug|x86
		Release|x86 = Release|x86
	EndGlobalSection
	GlobalSection(ProjectConfigurationPlatforms) = postSolution
		{4731F652-6452-4545-B935-60218274AC94}.Debug|x86.ActiveCfg = Debug|x86
		{4731F652-6452-4545-B935-60218274AC94}.Debug|x86.Build.0 = Debug|x86
		{4731F652-6452-4545-B935-60218274AC94}.Release|x86.ActiveCfg = Release|x86
		{4731F652-6452-4545-B935-60218274AC94}.Release|x86.Build.0 = Release|x86
	EndGlobalSection
	GlobalSection(SolutionProperties) = preSolution
		HideSolutionNode = FALSE
	EndGlobalSection
	GlobalSection(ExtensibilityGlobals) = postSolution
		SolutionGuid = {24093BA3-B42D-43B0-BA02-E5AA6276165B}
	EndGlobalSection
EndGlobal
